
Microsoft Visual Studio Solution File, Format Version 12.00
# Visual Studio Version 17
VisualStudioVersion = 17.8.34525.116
MinimumVisualStudioVersion = 10.0.40219.1
Project("{FAE04EC0-301F-11D3-BF4B-00C04F79EFBC}") = "WebApi", "WebApi\WebApi.csproj", "{21DE6D84-1B68-43FD-B95D-F28C989131E2}"
EndProject
Project("{FAE04EC0-301F-11D3-BF4B-00C04F79EFBC}") = "Business", "Business\Business.csproj", "{EA6104FE-8C93-47B7-B481-2341AEEFAB08}"
EndProject
Project("{FAE04EC0-301F-11D3-BF4B-00C04F79EFBC}") = "DataAccess", "DataAccess\DataAccess.csproj", "{62262032-B2FC-47C6-967A-E49396BC6640}"
EndProject
Project("{FAE04EC0-301F-11D3-BF4B-00C04F79EFBC}") = "Entities", "Entities\Entities.csproj", "{00BECDC9-0394-46A0-80DB-C3793C2605C0}"
EndProject
Project("{FAE04EC0-301F-11D3-BF4B-00C04F79EFBC}") = "Core", "Core\Core.csproj", "{313FEEB8-B37D-4ED2-8309-94BBD1951F68}"
EndProject
Global
	GlobalSection(SolutionConfigurationPlatforms) = preSolution
		Debug|Any CPU = Debug|Any CPU
		Release|Any CPU = Release|Any CPU
	EndGlobalSection
	GlobalSection(ProjectConfigurationPlatforms) = postSolution
		{21DE6D84-1B68-43FD-B95D-F28C989131E2}.Debug|Any CPU.ActiveCfg = Debug|Any CPU
		{21DE6D84-1B68-43FD-B95D-F28C989131E2}.Debug|Any CPU.Build.0 = Debug|Any CPU
		{21DE6D84-1B68-43FD-B95D-F28C989131E2}.Release|Any CPU.ActiveCfg = Release|Any CPU
		{21DE6D84-1B68-43FD-B95D-F28C989131E2}.Release|Any CPU.Build.0 = Release|Any CPU
		{EA6104FE-8C93-47B7-B481-2341AEEFAB08}.Debug|Any CPU.ActiveCfg = Debug|Any CPU
		{EA6104FE-8C93-47B7-B481-2341AEEFAB08}.Debug|Any CPU.Build.0 = Debug|Any CPU
		{EA6104FE-8C93-47B7-B481-2341AEEFAB08}.Release|Any CPU.ActiveCfg = Release|Any CPU
		{EA6104FE-8C93-47B7-B481-2341AEEFAB08}.Release|Any CPU.Build.0 = Release|Any CPU
		{62262032-B2FC-47C6-967A-E49396BC6640}.Debug|Any CPU.ActiveCfg = Debug|Any CPU
		{62262032-B2FC-47C6-967A-E49396BC6640}.Debug|Any CPU.Build.0 = Debug|Any CPU
		{62262032-B2FC-47C6-967A-E49396BC6640}.Release|Any CPU.ActiveCfg = Release|Any CPU
		{62262032-B2FC-47C6-967A-E49396BC6640}.Release|Any CPU.Build.0 = Release|Any CPU
		{00BECDC9-0394-46A0-80DB-C3793C2605C0}.Debug|Any CPU.ActiveCfg = Debug|Any CPU
		{00BECDC9-0394-46A0-80DB-C3793C2605C0}.Debug|Any CPU.Build.0 = Debug|Any CPU
		{00BECDC9-0394-46A0-80DB-C3793C2605C0}.Release|Any CPU.ActiveCfg = Release|Any CPU
		{00BECDC9-0394-46A0-80DB-C3793C2605C0}.Release|Any CPU.Build.0 = Release|Any CPU
		{313FEEB8-B37D-4ED2-8309-94BBD1951F68}.Debug|Any CPU.ActiveCfg = Debug|Any CPU
		{313FEEB8-B37D-4ED2-8309-94BBD1951F68}.Debug|Any CPU.Build.0 = Debug|Any CPU
		{313FEEB8-B37D-4ED2-8309-94BBD1951F68}.Release|Any CPU.ActiveCfg = Release|Any CPU
		{313FEEB8-B37D-4ED2-8309-94BBD1951F68}.Release|Any CPU.Build.0 = Release|Any CPU
	EndGlobalSection
	GlobalSection(SolutionProperties) = preSolution
		HideSolutionNode = FALSE
	EndGlobalSection
	GlobalSection(ExtensibilityGlobals) = postSolution
		SolutionGuid = {F74301A4-E64A-4B86-9F0D-AC6E859FAF1B}
	EndGlobalSection
EndGlobal
